# THIS IS AN AUTOGENERATED FILE. DO NOT EDIT THIS FILE DIRECTLY.
# yarn lockfile v1


"@graphql-typed-document-node/core@^3.1.0":
  version "3.1.1"
  resolved "https://registry.yarnpkg.com/@graphql-typed-document-node/core/-/core-3.1.1.tgz#076d78ce99822258cf813ecc1e7fa460fa74d052"
  integrity sha512-NQ17ii0rK1b34VZonlmT2QMJFI70m0TRwbknO/ihlbatXyaktDhN/98vBiUU6kNBPljqGqyIrl2T4nY2RpFANg==

"@urql/core@^2.3.6":
  version "2.3.6"
  resolved "https://registry.yarnpkg.com/@urql/core/-/core-2.3.6.tgz#ee0a6f8fde02251e9560c5f17dce5cd90f948552"
  integrity sha512-PUxhtBh7/8167HJK6WqBv6Z0piuiaZHQGYbhwpNL9aIQmLROPEdaUYkY4wh45wPQXcTpnd11l0q3Pw+TI11pdw==
  dependencies:
    "@graphql-typed-document-node/core" "^3.1.0"
    wonka "^4.0.14"

axios@^0.25.0:
  version "0.25.0"
  resolved "https://registry.yarnpkg.com/axios/-/axios-0.25.0.tgz#349cfbb31331a9b4453190791760a8d35b093e0a"
  integrity sha512-cD8FOb0tRH3uuEe6+evtAbgJtfxr7ly3fQjYcMcuPlgkwVS9xboaVIpcDV+cYQe+yGykgwZCs1pzjntcGa6l5g==
  dependencies:
    follow-redirects "^1.14.7"

follow-redirects@^1.14.7:
  version "1.14.7"
  resolved "https://registry.yarnpkg.com/follow-redirects/-/follow-redirects-1.14.7.tgz#2004c02eb9436eee9a21446a6477debf17e81685"
  integrity sha512-+hbxoLbFMbRKDwohX8GkTataGqO6Jb7jGwpAlwgy2bIz25XtRm7KEzJM76R1WiNT5SwZkX4Y75SwBolkpmE7iQ==

graphql@^16.2.0:
  version "16.2.0"
  resolved "https://registry.yarnpkg.com/graphql/-/graphql-16.2.0.tgz#de3150e80f1fc009590b92a9d16ab1b46e12b656"
  integrity sha512-MuQd7XXrdOcmfwuLwC2jNvx0n3rxIuNYOxUtiee5XOmfrWo613ar2U8pE7aHAKh8VwfpifubpD9IP+EdEAEOsA==

isomorphic-unfetch@^3.1.0:
  version "3.1.0"
  resolved "https://registry.yarnpkg.com/isomorphic-unfetch/-/isomorphic-unfetch-3.1.0.tgz#87341d5f4f7b63843d468438128cb087b7c3e98f"
  integrity sha512-geDJjpoZ8N0kWexiwkX8F9NkTsXhetLPVbZFQ+JTW239QNOwvB0gniuR1Wc6f0AMTn7/mFGyXvHTifrCp/GH8Q==
  dependencies:
    node-fetch "^2.6.1"
    unfetch "^4.2.0"

node-fetch@^2.6.1:
  version "2.6.7"
  resolved "https://registry.yarnpkg.com/node-fetch/-/node-fetch-2.6.7.tgz#24de9fba827e3b4ae44dc8b20256a379160052ad"
  integrity sha512-ZjMPFEfVx5j+y2yF35Kzx5sF7kDzxuDj6ziH4FFbOp87zKDZNx8yExJIb05OGF4Nlt9IHFIMBkRl41VdvcNdbQ==
  dependencies:
    whatwg-url "^5.0.0"

tr46@~0.0.3:
  version "0.0.3"
  resolved "https://registry.yarnpkg.com/tr46/-/tr46-0.0.3.tgz#8184fd347dac9cdc185992f3a6622e14b9d9ab6a"
  integrity sha1-gYT9NH2snNwYWZLzpmIuFLnZq2o=

unfetch@^4.2.0:
  version "4.2.0"
  resolved "https://registry.yarnpkg.com/unfetch/-/unfetch-4.2.0.tgz#7e21b0ef7d363d8d9af0fb929a5555f6ef97a3be"
  integrity sha512-F9p7yYCn6cIW9El1zi0HI6vqpeIvBsr3dSuRO6Xuppb1u5rXpCPmMvLSyECLhybr9isec8Ohl0hPekMVrEinDA==

urql@^2.0.6:
  version "2.0.6"
  resolved "https://registry.yarnpkg.com/urql/-/urql-2.0.6.tgz#e67f09c83780f13d07d462a669977b3d5b36d964"
  integrity sha512-ovK9mx7YxD/CKUwVZGbEDBzZjbCcNsr1990nIhDCKe3Ij/0gNcIa+0EIyXKceOPuYDYKavIoaNQV2kOZjQxFcw==
  dependencies:
    "@urql/core" "^2.3.6"
    wonka "^4.0.14"

webidl-conversions@^3.0.0:
  version "3.0.1"
  resolved "https://registry.yarnpkg.com/webidl-conversions/-/webidl-conversions-3.0.1.tgz#24534275e2a7bc6be7bc86611cc16ae0a5654871"
  integrity sha1-JFNCdeKnvGvnvIZhHMFq4KVlSHE=

whatwg-url@^5.0.0:
  version "5.0.0"
  resolved "https://registry.yarnpkg.com/whatwg-url/-/whatwg-url-5.0.0.tgz#966454e8765462e37644d3626f6742ce8b70965d"
  integrity sha1-lmRU6HZUYuN2RNNib2dCzotwll0=
  dependencies:
    tr46 "~0.0.3"
    webidl-conversions "^3.0.0"

wonka@^4.0.14:
  version "4.0.15"
  resolved "https://registry.yarnpkg.com/wonka/-/wonka-4.0.15.tgz#9aa42046efa424565ab8f8f451fcca955bf80b89"
  integrity sha512-U0IUQHKXXn6PFo9nqsHphVCE5m3IntqZNB9Jjn7EB1lrR7YTDY3YWgFvEvwniTzXSvOH/XMzAZaIfJF/LvHYXg==
